
Microsoft Visual Studio Solution File, Format Version 12.00
# Visual Studio Version 17
VisualStudioVersion = 17.0.32014.148
MinimumVisualStudioVersion = 15.0.26124.0
Project("{2150E333-8FDC-42A3-9474-1A3956D46DE8}") = "src", "src", "{4806F4E0-A835-4BE7-B65F-8F3838CC0751}"
EndProject
Project("{9A19103F-16F7-4668-BE54-9A1E7A4F7556}") = "AvantiPoint.CodeGenHelpers", "src\CodeGenHelpers\AvantiPoint.CodeGenHelpers.csproj", "{39C73F7D-A2A1-47A7-96D8-734154CDD49E}"
EndProject
Project("{2150E333-8FDC-42A3-9474-1A3956D46DE8}") = "tests", "tests", "{CD7192AA-C282-49D5-932F-E52FC4E35E2D}"
EndProject
Project("{9A19103F-16F7-4668-BE54-9A1E7A4F7556}") = "CodeGenHelpers.Tests", "tests\CodeGenHelpers.Tests\CodeGenHelpers.Tests.csproj", "{18072E6D-0E9D-4D5E-91C1-2968EFBD6E47}"
EndProject
Project("{2150E333-8FDC-42A3-9474-1A3956D46DE8}") = "Solution Items", "Solution Items", "{8F6F4081-C731-48F9-88C9-7AA98D7C265C}"
	ProjectSection(SolutionItems) = preProject
		global.json = global.json
		version.json = version.json
	EndProjectSection
EndProject
Global
	GlobalSection(SolutionConfigurationPlatforms) = preSolution
		Debug|Any CPU = Debug|Any CPU
		Debug|x64 = Debug|x64
		Debug|x86 = Debug|x86
		Release|Any CPU = Release|Any CPU
		Release|x64 = Release|x64
		Release|x86 = Release|x86
	EndGlobalSection
	GlobalSection(ProjectConfigurationPlatforms) = postSolution
		{39C73F7D-A2A1-47A7-96D8-734154CDD49E}.Debug|Any CPU.ActiveCfg = Debug|Any CPU
		{39C73F7D-A2A1-47A7-96D8-734154CDD49E}.Debug|Any CPU.Build.0 = Debug|Any CPU
		{39C73F7D-A2A1-47A7-96D8-734154CDD49E}.Debug|x64.ActiveCfg = Debug|Any CPU
		{39C73F7D-A2A1-47A7-96D8-734154CDD49E}.Debug|x64.Build.0 = Debug|Any CPU
		{39C73F7D-A2A1-47A7-96D8-734154CDD49E}.Debug|x86.ActiveCfg = Debug|Any CPU
		{39C73F7D-A2A1-47A7-96D8-734154CDD49E}.Debug|x86.Build.0 = Debug|Any CPU
		{39C73F7D-A2A1-47A7-96D8-734154CDD49E}.Release|Any CPU.ActiveCfg = Release|Any CPU
		{39C73F7D-A2A1-47A7-96D8-734154CDD49E}.Release|Any CPU.Build.0 = Release|Any CPU
		{39C73F7D-A2A1-47A7-96D8-734154CDD49E}.Release|x64.ActiveCfg = Release|Any CPU
		{39C73F7D-A2A1-47A7-96D8-734154CDD49E}.Release|x64.Build.0 = Release|Any CPU
		{39C73F7D-A2A1-47A7-96D8-734154CDD49E}.Release|x86.ActiveCfg = Release|Any CPU
		{39C73F7D-A2A1-47A7-96D8-734154CDD49E}.Release|x86.Build.0 = Release|Any CPU
		{18072E6D-0E9D-4D5E-91C1-2968EFBD6E47}.Debug|Any CPU.ActiveCfg = Debug|Any CPU
		{18072E6D-0E9D-4D5E-91C1-2968EFBD6E47}.Debug|Any CPU.Build.0 = Debug|Any CPU
		{18072E6D-0E9D-4D5E-91C1-2968EFBD6E47}.Debug|x64.ActiveCfg = Debug|Any CPU
		{18072E6D-0E9D-4D5E-91C1-2968EFBD6E47}.Debug|x64.Build.0 = Debug|Any CPU
		{18072E6D-0E9D-4D5E-91C1-2968EFBD6E47}.Debug|x86.ActiveCfg = Debug|Any CPU
		{18072E6D-0E9D-4D5E-91C1-2968EFBD6E47}.Debug|x86.Build.0 = Debug|Any CPU
		{18072E6D-0E9D-4D5E-91C1-2968EFBD6E47}.Release|Any CPU.ActiveCfg = Release|Any CPU
		{18072E6D-0E9D-4D5E-91C1-2968EFBD6E47}.Release|Any CPU.Build.0 = Release|Any CPU
		{18072E6D-0E9D-4D5E-91C1-2968EFBD6E47}.Release|x64.ActiveCfg = Release|Any CPU
		{18072E6D-0E9D-4D5E-91C1-2968EFBD6E47}.Release|x64.Build.0 = Release|Any CPU
		{18072E6D-0E9D-4D5E-91C1-2968EFBD6E47}.Release|x86.ActiveCfg = Release|Any CPU
		{18072E6D-0E9D-4D5E-91C1-2968EFBD6E47}.Release|x86.Build.0 = Release|Any CPU
	EndGlobalSection
	GlobalSection(SolutionProperties) = preSolution
		HideSolutionNode = FALSE
	EndGlobalSection
	GlobalSection(NestedProjects) = preSolution
		{39C73F7D-A2A1-47A7-96D8-734154CDD49E} = {4806F4E0-A835-4BE7-B65F-8F3838CC0751}
		{18072E6D-0E9D-4D5E-91C1-2968EFBD6E47} = {CD7192AA-C282-49D5-932F-E52FC4E35E2D}
	EndGlobalSection
	GlobalSection(ExtensibilityGlobals) = postSolution
		SolutionGuid = {F6D9D6F8-915E-467F-8ED7-68A789EE6956}
	EndGlobalSection
EndGlobal
